
Microsoft Visual Studio Solution File, Format Version 12.00
# Visual Studio Version 17
VisualStudioVersion = 17.7.34031.279
MinimumVisualStudioVersion = 10.0.40219.1
Project("{FAE04EC0-301F-11D3-BF4B-00C04F79EFBC}") = "Ödev-3-Belediye Otobüsü", "Ödev-3-Belediye Otobüsü\Ödev-3-Belediye Otobüsü.csproj", "{DAC4710E-8D23-455B-B69D-EE6F33B771E4}"
EndProject
Global
	GlobalSection(SolutionConfigurationPlatforms) = preSolution
		Debug|Any CPU = Debug|Any CPU
		Release|Any CPU = Release|Any CPU
	EndGlobalSection
	GlobalSection(ProjectConfigurationPlatforms) = postSolution
		{DAC4710E-8D23-455B-B69D-EE6F33B771E4}.Debug|Any CPU.ActiveCfg = Debug|Any CPU
		{DAC4710E-8D23-455B-B69D-EE6F33B771E4}.Debug|Any CPU.Build.0 = Debug|Any CPU
		{DAC4710E-8D23-455B-B69D-EE6F33B771E4}.Release|Any CPU.ActiveCfg = Release|Any CPU
		{DAC4710E-8D23-455B-B69D-EE6F33B771E4}.Release|Any CPU.Build.0 = Release|Any CPU
	EndGlobalSection
	GlobalSection(SolutionProperties) = preSolution
		HideSolutionNode = FALSE
	EndGlobalSection
	GlobalSection(ExtensibilityGlobals) = postSolution
		SolutionGuid = {F1867EB2-AB87-4364-A675-EBDF08D718E4}
	EndGlobalSection
EndGlobal
