
Microsoft Visual Studio Solution File, Format Version 12.00
# Visual Studio Version 17
VisualStudioVersion = 17.7.34031.279
MinimumVisualStudioVersion = 10.0.40219.1
Project("{FAE04EC0-301F-11D3-BF4B-00C04F79EFBC}") = "Ödev-SATRANÇ", "Ödev-SATRANÇ\Ödev-SATRANÇ.csproj", "{48A23E55-90B2-4613-AA9F-909EC3B2DD38}"
EndProject
Global
	GlobalSection(SolutionConfigurationPlatforms) = preSolution
		Debug|Any CPU = Debug|Any CPU
		Release|Any CPU = Release|Any CPU
	EndGlobalSection
	GlobalSection(ProjectConfigurationPlatforms) = postSolution
		{48A23E55-90B2-4613-AA9F-909EC3B2DD38}.Debug|Any CPU.ActiveCfg = Debug|Any CPU
		{48A23E55-90B2-4613-AA9F-909EC3B2DD38}.Debug|Any CPU.Build.0 = Debug|Any CPU
		{48A23E55-90B2-4613-AA9F-909EC3B2DD38}.Release|Any CPU.ActiveCfg = Release|Any CPU
		{48A23E55-90B2-4613-AA9F-909EC3B2DD38}.Release|Any CPU.Build.0 = Release|Any CPU
	EndGlobalSection
	GlobalSection(SolutionProperties) = preSolution
		HideSolutionNode = FALSE
	EndGlobalSection
	GlobalSection(ExtensibilityGlobals) = postSolution
		SolutionGuid = {4F5F2016-6DB5-4E8B-A402-F335C7EC6B41}
	EndGlobalSection
EndGlobal
