
Microsoft Visual Studio Solution File, Format Version 12.00
# Visual Studio Version 17
VisualStudioVersion = 17.7.34031.279
MinimumVisualStudioVersion = 10.0.40219.1
Project("{FAE04EC0-301F-11D3-BF4B-00C04F79EFBC}") = "NOTEBOOK SYSTEM", "NOTEBOOK SYSTEM\NOTEBOOK SYSTEM.csproj", "{42A8B320-770C-4923-BF2D-B65FF1FEB760}"
EndProject
Global
	GlobalSection(SolutionConfigurationPlatforms) = preSolution
		Debug|Any CPU = Debug|Any CPU
		Release|Any CPU = Release|Any CPU
	EndGlobalSection
	GlobalSection(ProjectConfigurationPlatforms) = postSolution
		{42A8B320-770C-4923-BF2D-B65FF1FEB760}.Debug|Any CPU.ActiveCfg = Debug|Any CPU
		{42A8B320-770C-4923-BF2D-B65FF1FEB760}.Debug|Any CPU.Build.0 = Debug|Any CPU
		{42A8B320-770C-4923-BF2D-B65FF1FEB760}.Release|Any CPU.ActiveCfg = Release|Any CPU
		{42A8B320-770C-4923-BF2D-B65FF1FEB760}.Release|Any CPU.Build.0 = Release|Any CPU
	EndGlobalSection
	GlobalSection(SolutionProperties) = preSolution
		HideSolutionNode = FALSE
	EndGlobalSection
	GlobalSection(ExtensibilityGlobals) = postSolution
		SolutionGuid = {3ECFC7DE-229B-41ED-A71C-0DA9842B3111}
	EndGlobalSection
EndGlobal
